
Microsoft Visual Studio Solution File, Format Version 12.00
# Visual Studio Version 17
VisualStudioVersion = 17.9.34723.18
MinimumVisualStudioVersion = 10.0.40219.1
Project("{9A19103F-16F7-4668-BE54-9A1E7A4F7556}") = "Decorator", "Decorator\Decorator.csproj", "{E6712150-E8C1-4EEA-9831-495D172BFD2A}"
EndProject
Project("{9A19103F-16F7-4668-BE54-9A1E7A4F7556}") = "Adapter", "Adapter\Adapter.csproj", "{CCF2A1E9-FCAB-44B2-9D20-5EB00EF94CA9}"
EndProject
Project("{9A19103F-16F7-4668-BE54-9A1E7A4F7556}") = "Facade", "Facade\Facade.csproj", "{9CBFEC5C-EE05-4BB1-A9BE-3F0EE3A222B4}"
EndProject
Project("{9A19103F-16F7-4668-BE54-9A1E7A4F7556}") = "Singleton", "Singleton\Singleton.csproj", "{BA07C789-D90C-4243-BC06-2050E033A783}"
EndProject
Project("{9A19103F-16F7-4668-BE54-9A1E7A4F7556}") = "Bridge", "Bridge\Bridge.csproj", "{1D494B8E-A431-4C88-9C78-464BABE53B3C}"
EndProject
Project("{9A19103F-16F7-4668-BE54-9A1E7A4F7556}") = "Builder", "Builder\Builder.csproj", "{8C0E9E9D-24DB-4362-8D70-444DCF65B561}"
EndProject
Project("{9A19103F-16F7-4668-BE54-9A1E7A4F7556}") = "Strategy", "Strategy\Strategy.csproj", "{0F22222B-4714-45FA-81A2-CFA76F17DACD}"
EndProject
Project("{FAE04EC0-301F-11D3-BF4B-00C04F79EFBC}") = "Observer", "Observer\Observer.csproj", "{FC49103E-E325-42E9-9FBC-288B28578664}"
EndProject
Global
	GlobalSection(SolutionConfigurationPlatforms) = preSolution
		Debug|Any CPU = Debug|Any CPU
		Release|Any CPU = Release|Any CPU
	EndGlobalSection
	GlobalSection(ProjectConfigurationPlatforms) = postSolution
		{E6712150-E8C1-4EEA-9831-495D172BFD2A}.Debug|Any CPU.ActiveCfg = Debug|Any CPU
		{E6712150-E8C1-4EEA-9831-495D172BFD2A}.Debug|Any CPU.Build.0 = Debug|Any CPU
		{E6712150-E8C1-4EEA-9831-495D172BFD2A}.Release|Any CPU.ActiveCfg = Release|Any CPU
		{E6712150-E8C1-4EEA-9831-495D172BFD2A}.Release|Any CPU.Build.0 = Release|Any CPU
		{CCF2A1E9-FCAB-44B2-9D20-5EB00EF94CA9}.Debug|Any CPU.ActiveCfg = Debug|Any CPU
		{CCF2A1E9-FCAB-44B2-9D20-5EB00EF94CA9}.Debug|Any CPU.Build.0 = Debug|Any CPU
		{CCF2A1E9-FCAB-44B2-9D20-5EB00EF94CA9}.Release|Any CPU.ActiveCfg = Release|Any CPU
		{CCF2A1E9-FCAB-44B2-9D20-5EB00EF94CA9}.Release|Any CPU.Build.0 = Release|Any CPU
		{9CBFEC5C-EE05-4BB1-A9BE-3F0EE3A222B4}.Debug|Any CPU.ActiveCfg = Debug|Any CPU
		{9CBFEC5C-EE05-4BB1-A9BE-3F0EE3A222B4}.Debug|Any CPU.Build.0 = Debug|Any CPU
		{9CBFEC5C-EE05-4BB1-A9BE-3F0EE3A222B4}.Release|Any CPU.ActiveCfg = Release|Any CPU
		{9CBFEC5C-EE05-4BB1-A9BE-3F0EE3A222B4}.Release|Any CPU.Build.0 = Release|Any CPU
		{BA07C789-D90C-4243-BC06-2050E033A783}.Debug|Any CPU.ActiveCfg = Debug|Any CPU
		{BA07C789-D90C-4243-BC06-2050E033A783}.Debug|Any CPU.Build.0 = Debug|Any CPU
		{BA07C789-D90C-4243-BC06-2050E033A783}.Release|Any CPU.ActiveCfg = Release|Any CPU
		{BA07C789-D90C-4243-BC06-2050E033A783}.Release|Any CPU.Build.0 = Release|Any CPU
		{1D494B8E-A431-4C88-9C78-464BABE53B3C}.Debug|Any CPU.ActiveCfg = Debug|Any CPU
		{1D494B8E-A431-4C88-9C78-464BABE53B3C}.Debug|Any CPU.Build.0 = Debug|Any CPU
		{1D494B8E-A431-4C88-9C78-464BABE53B3C}.Release|Any CPU.ActiveCfg = Release|Any CPU
		{1D494B8E-A431-4C88-9C78-464BABE53B3C}.Release|Any CPU.Build.0 = Release|Any CPU
		{8C0E9E9D-24DB-4362-8D70-444DCF65B561}.Debug|Any CPU.ActiveCfg = Debug|Any CPU
		{8C0E9E9D-24DB-4362-8D70-444DCF65B561}.Debug|Any CPU.Build.0 = Debug|Any CPU
		{8C0E9E9D-24DB-4362-8D70-444DCF65B561}.Release|Any CPU.ActiveCfg = Release|Any CPU
		{8C0E9E9D-24DB-4362-8D70-444DCF65B561}.Release|Any CPU.Build.0 = Release|Any CPU
		{0F22222B-4714-45FA-81A2-CFA76F17DACD}.Debug|Any CPU.ActiveCfg = Debug|Any CPU
		{0F22222B-4714-45FA-81A2-CFA76F17DACD}.Debug|Any CPU.Build.0 = Debug|Any CPU
		{0F22222B-4714-45FA-81A2-CFA76F17DACD}.Release|Any CPU.ActiveCfg = Release|Any CPU
		{0F22222B-4714-45FA-81A2-CFA76F17DACD}.Release|Any CPU.Build.0 = Release|Any CPU
		{FC49103E-E325-42E9-9FBC-288B28578664}.Debug|Any CPU.ActiveCfg = Debug|Any CPU
		{FC49103E-E325-42E9-9FBC-288B28578664}.Debug|Any CPU.Build.0 = Debug|Any CPU
		{FC49103E-E325-42E9-9FBC-288B28578664}.Release|Any CPU.ActiveCfg = Release|Any CPU
		{FC49103E-E325-42E9-9FBC-288B28578664}.Release|Any CPU.Build.0 = Release|Any CPU
	EndGlobalSection
	GlobalSection(SolutionProperties) = preSolution
		HideSolutionNode = FALSE
	EndGlobalSection
	GlobalSection(ExtensibilityGlobals) = postSolution
		SolutionGuid = {0BD54F8B-FF77-45ED-ABD0-FF0D28D2CA7E}
	EndGlobalSection
EndGlobal
