
Microsoft Visual Studio Solution File, Format Version 12.00
# Visual Studio Version 17
VisualStudioVersion = 17.9.34723.18
MinimumVisualStudioVersion = 10.0.40219.1
Project("{9A19103F-16F7-4668-BE54-9A1E7A4F7556}") = "Decorator", "Decorator\Decorator.csproj", "{E6712150-E8C1-4EEA-9831-495D172BFD2A}"
EndProject
Project("{9A19103F-16F7-4668-BE54-9A1E7A4F7556}") = "Adapter", "Adapter\Adapter.csproj", "{CCF2A1E9-FCAB-44B2-9D20-5EB00EF94CA9}"
EndProject
Project("{9A19103F-16F7-4668-BE54-9A1E7A4F7556}") = "Facade", "Facade\Facade.csproj", "{9CBFEC5C-EE05-4BB1-A9BE-3F0EE3A222B4}"
EndProject
Project("{9A19103F-16F7-4668-BE54-9A1E7A4F7556}") = "Singleton", "Singleton\Singleton.csproj", "{BA07C789-D90C-4243-BC06-2050E033A783}"
EndProject
Project("{9A19103F-16F7-4668-BE54-9A1E7A4F7556}") = "Bridge", "Bridge\Bridge.csproj", "{1D494B8E-A431-4C88-9C78-464BABE53B3C}"
EndProject
Project("{9A19103F-16F7-4668-BE54-9A1E7A4F7556}") = "Builder", "Builder\Builder.csproj", "{8C0E9E9D-24DB-4362-8D70-444DCF65B561}"
EndProject
Project("{9A19103F-16F7-4668-BE54-9A1E7A4F7556}") = "Strategy", "Strategy\Strategy.csproj", "{0F22222B-4714-45FA-81A2-CFA76F17DACD}"
EndProject
Project("{9A19103F-16F7-4668-BE54-9A1E7A4F7556}") = "Observer", "Observer\Observer.csproj", "{FC49103E-E325-42E9-9FBC-288B28578664}"
EndProject
Project("{9A19103F-16F7-4668-BE54-9A1E7A4F7556}") = "Visitor", "Visitor\Visitor.csproj", "{80943C88-20BC-4B7B-87D2-68DA83A52089}"
EndProject
Project("{2150E333-8FDC-42A3-9474-1A3956D46DE8}") = "Creational", "Creational", "{52B4AE64-99B3-467E-8871-DB6E30763544}"
EndProject
Project("{2150E333-8FDC-42A3-9474-1A3956D46DE8}") = "Behavioral", "Behavioral", "{2EA38069-D805-4D38-936D-0680B87E61B2}"
EndProject
Project("{2150E333-8FDC-42A3-9474-1A3956D46DE8}") = "Structural", "Structural", "{E632850D-0FDE-411D-9244-6CCCE5718688}"
EndProject
Project("{9A19103F-16F7-4668-BE54-9A1E7A4F7556}") = "Prototype", "Prototype\Prototype.csproj", "{449DD28E-3D92-4982-8D1B-F6F9892EA71D}"
EndProject
Project("{9A19103F-16F7-4668-BE54-9A1E7A4F7556}") = "Mediator", "Mediator\Mediator.csproj", "{08762FBB-D326-4AA9-AD25-97BE70FF7459}"
EndProject
Project("{9A19103F-16F7-4668-BE54-9A1E7A4F7556}") = "Composite", "Composite\Composite.csproj", "{CD37D35C-B6E6-4E07-958F-8FA28B74F7FD}"
EndProject
Project("{9A19103F-16F7-4668-BE54-9A1E7A4F7556}") = "Command", "Command\Command.csproj", "{DE995D4D-1EEC-439E-9131-FA856A094634}"
EndProject
Project("{9A19103F-16F7-4668-BE54-9A1E7A4F7556}") = "Iterator", "Iterator\Iterator.csproj", "{325BBC6D-443A-473E-8840-DCA7179266DD}"
EndProject
Project("{9A19103F-16F7-4668-BE54-9A1E7A4F7556}") = "AbstractFactory", "AbstractFactory\AbstractFactory.csproj", "{B6A2A33E-C576-477B-AA35-568966092075}"
EndProject
Project("{9A19103F-16F7-4668-BE54-9A1E7A4F7556}") = "State", "State\State.csproj", "{BB631662-FA88-4852-B2ED-3DFC03DD35F0}"
EndProject
Project("{9A19103F-16F7-4668-BE54-9A1E7A4F7556}") = "Proxy", "Proxy\Proxy.csproj", "{0C3B1BA4-9ED7-4203-868F-29067C004C9B}"
EndProject
Project("{9A19103F-16F7-4668-BE54-9A1E7A4F7556}") = "Flyweight", "Flyweight\Flyweight.csproj", "{1926A366-82E8-4685-AE06-142FD41B9290}"
EndProject
Project("{FAE04EC0-301F-11D3-BF4B-00C04F79EFBC}") = "FactoryMethod", "FactoryMethod\FactoryMethod.csproj", "{2EF8A0C1-9490-4EE1-9CDC-0187F94BC61B}"
EndProject
Global
	GlobalSection(SolutionConfigurationPlatforms) = preSolution
		Debug|Any CPU = Debug|Any CPU
		Release|Any CPU = Release|Any CPU
	EndGlobalSection
	GlobalSection(ProjectConfigurationPlatforms) = postSolution
		{E6712150-E8C1-4EEA-9831-495D172BFD2A}.Debug|Any CPU.ActiveCfg = Debug|Any CPU
		{E6712150-E8C1-4EEA-9831-495D172BFD2A}.Debug|Any CPU.Build.0 = Debug|Any CPU
		{E6712150-E8C1-4EEA-9831-495D172BFD2A}.Release|Any CPU.ActiveCfg = Release|Any CPU
		{E6712150-E8C1-4EEA-9831-495D172BFD2A}.Release|Any CPU.Build.0 = Release|Any CPU
		{CCF2A1E9-FCAB-44B2-9D20-5EB00EF94CA9}.Debug|Any CPU.ActiveCfg = Debug|Any CPU
		{CCF2A1E9-FCAB-44B2-9D20-5EB00EF94CA9}.Debug|Any CPU.Build.0 = Debug|Any CPU
		{CCF2A1E9-FCAB-44B2-9D20-5EB00EF94CA9}.Release|Any CPU.ActiveCfg = Release|Any CPU
		{CCF2A1E9-FCAB-44B2-9D20-5EB00EF94CA9}.Release|Any CPU.Build.0 = Release|Any CPU
		{9CBFEC5C-EE05-4BB1-A9BE-3F0EE3A222B4}.Debug|Any CPU.ActiveCfg = Debug|Any CPU
		{9CBFEC5C-EE05-4BB1-A9BE-3F0EE3A222B4}.Debug|Any CPU.Build.0 = Debug|Any CPU
		{9CBFEC5C-EE05-4BB1-A9BE-3F0EE3A222B4}.Release|Any CPU.ActiveCfg = Release|Any CPU
		{9CBFEC5C-EE05-4BB1-A9BE-3F0EE3A222B4}.Release|Any CPU.Build.0 = Release|Any CPU
		{BA07C789-D90C-4243-BC06-2050E033A783}.Debug|Any CPU.ActiveCfg = Debug|Any CPU
		{BA07C789-D90C-4243-BC06-2050E033A783}.Debug|Any CPU.Build.0 = Debug|Any CPU
		{BA07C789-D90C-4243-BC06-2050E033A783}.Release|Any CPU.ActiveCfg = Release|Any CPU
		{BA07C789-D90C-4243-BC06-2050E033A783}.Release|Any CPU.Build.0 = Release|Any CPU
		{1D494B8E-A431-4C88-9C78-464BABE53B3C}.Debug|Any CPU.ActiveCfg = Debug|Any CPU
		{1D494B8E-A431-4C88-9C78-464BABE53B3C}.Debug|Any CPU.Build.0 = Debug|Any CPU
		{1D494B8E-A431-4C88-9C78-464BABE53B3C}.Release|Any CPU.ActiveCfg = Release|Any CPU
		{1D494B8E-A431-4C88-9C78-464BABE53B3C}.Release|Any CPU.Build.0 = Release|Any CPU
		{8C0E9E9D-24DB-4362-8D70-444DCF65B561}.Debug|Any CPU.ActiveCfg = Debug|Any CPU
		{8C0E9E9D-24DB-4362-8D70-444DCF65B561}.Debug|Any CPU.Build.0 = Debug|Any CPU
		{8C0E9E9D-24DB-4362-8D70-444DCF65B561}.Release|Any CPU.ActiveCfg = Release|Any CPU
		{8C0E9E9D-24DB-4362-8D70-444DCF65B561}.Release|Any CPU.Build.0 = Release|Any CPU
		{0F22222B-4714-45FA-81A2-CFA76F17DACD}.Debug|Any CPU.ActiveCfg = Debug|Any CPU
		{0F22222B-4714-45FA-81A2-CFA76F17DACD}.Debug|Any CPU.Build.0 = Debug|Any CPU
		{0F22222B-4714-45FA-81A2-CFA76F17DACD}.Release|Any CPU.ActiveCfg = Release|Any CPU
		{0F22222B-4714-45FA-81A2-CFA76F17DACD}.Release|Any CPU.Build.0 = Release|Any CPU
		{FC49103E-E325-42E9-9FBC-288B28578664}.Debug|Any CPU.ActiveCfg = Debug|Any CPU
		{FC49103E-E325-42E9-9FBC-288B28578664}.Debug|Any CPU.Build.0 = Debug|Any CPU
		{FC49103E-E325-42E9-9FBC-288B28578664}.Release|Any CPU.ActiveCfg = Release|Any CPU
		{FC49103E-E325-42E9-9FBC-288B28578664}.Release|Any CPU.Build.0 = Release|Any CPU
		{80943C88-20BC-4B7B-87D2-68DA83A52089}.Debug|Any CPU.ActiveCfg = Debug|Any CPU
		{80943C88-20BC-4B7B-87D2-68DA83A52089}.Debug|Any CPU.Build.0 = Debug|Any CPU
		{80943C88-20BC-4B7B-87D2-68DA83A52089}.Release|Any CPU.ActiveCfg = Release|Any CPU
		{80943C88-20BC-4B7B-87D2-68DA83A52089}.Release|Any CPU.Build.0 = Release|Any CPU
		{449DD28E-3D92-4982-8D1B-F6F9892EA71D}.Debug|Any CPU.ActiveCfg = Debug|Any CPU
		{449DD28E-3D92-4982-8D1B-F6F9892EA71D}.Debug|Any CPU.Build.0 = Debug|Any CPU
		{449DD28E-3D92-4982-8D1B-F6F9892EA71D}.Release|Any CPU.ActiveCfg = Release|Any CPU
		{449DD28E-3D92-4982-8D1B-F6F9892EA71D}.Release|Any CPU.Build.0 = Release|Any CPU
		{08762FBB-D326-4AA9-AD25-97BE70FF7459}.Debug|Any CPU.ActiveCfg = Debug|Any CPU
		{08762FBB-D326-4AA9-AD25-97BE70FF7459}.Debug|Any CPU.Build.0 = Debug|Any CPU
		{08762FBB-D326-4AA9-AD25-97BE70FF7459}.Release|Any CPU.ActiveCfg = Release|Any CPU
		{08762FBB-D326-4AA9-AD25-97BE70FF7459}.Release|Any CPU.Build.0 = Release|Any CPU
		{CD37D35C-B6E6-4E07-958F-8FA28B74F7FD}.Debug|Any CPU.ActiveCfg = Debug|Any CPU
		{CD37D35C-B6E6-4E07-958F-8FA28B74F7FD}.Debug|Any CPU.Build.0 = Debug|Any CPU
		{CD37D35C-B6E6-4E07-958F-8FA28B74F7FD}.Release|Any CPU.ActiveCfg = Release|Any CPU
		{CD37D35C-B6E6-4E07-958F-8FA28B74F7FD}.Release|Any CPU.Build.0 = Release|Any CPU
		{DE995D4D-1EEC-439E-9131-FA856A094634}.Debug|Any CPU.ActiveCfg = Debug|Any CPU
		{DE995D4D-1EEC-439E-9131-FA856A094634}.Debug|Any CPU.Build.0 = Debug|Any CPU
		{DE995D4D-1EEC-439E-9131-FA856A094634}.Release|Any CPU.ActiveCfg = Release|Any CPU
		{DE995D4D-1EEC-439E-9131-FA856A094634}.Release|Any CPU.Build.0 = Release|Any CPU
		{325BBC6D-443A-473E-8840-DCA7179266DD}.Debug|Any CPU.ActiveCfg = Debug|Any CPU
		{325BBC6D-443A-473E-8840-DCA7179266DD}.Debug|Any CPU.Build.0 = Debug|Any CPU
		{325BBC6D-443A-473E-8840-DCA7179266DD}.Release|Any CPU.ActiveCfg = Release|Any CPU
		{325BBC6D-443A-473E-8840-DCA7179266DD}.Release|Any CPU.Build.0 = Release|Any CPU
		{B6A2A33E-C576-477B-AA35-568966092075}.Debug|Any CPU.ActiveCfg = Debug|Any CPU
		{B6A2A33E-C576-477B-AA35-568966092075}.Debug|Any CPU.Build.0 = Debug|Any CPU
		{B6A2A33E-C576-477B-AA35-568966092075}.Release|Any CPU.ActiveCfg = Release|Any CPU
		{B6A2A33E-C576-477B-AA35-568966092075}.Release|Any CPU.Build.0 = Release|Any CPU
		{BB631662-FA88-4852-B2ED-3DFC03DD35F0}.Debug|Any CPU.ActiveCfg = Debug|Any CPU
		{BB631662-FA88-4852-B2ED-3DFC03DD35F0}.Debug|Any CPU.Build.0 = Debug|Any CPU
		{BB631662-FA88-4852-B2ED-3DFC03DD35F0}.Release|Any CPU.ActiveCfg = Release|Any CPU
		{BB631662-FA88-4852-B2ED-3DFC03DD35F0}.Release|Any CPU.Build.0 = Release|Any CPU
		{0C3B1BA4-9ED7-4203-868F-29067C004C9B}.Debug|Any CPU.ActiveCfg = Debug|Any CPU
		{0C3B1BA4-9ED7-4203-868F-29067C004C9B}.Debug|Any CPU.Build.0 = Debug|Any CPU
		{0C3B1BA4-9ED7-4203-868F-29067C004C9B}.Release|Any CPU.ActiveCfg = Release|Any CPU
		{0C3B1BA4-9ED7-4203-868F-29067C004C9B}.Release|Any CPU.Build.0 = Release|Any CPU
		{1926A366-82E8-4685-AE06-142FD41B9290}.Debug|Any CPU.ActiveCfg = Debug|Any CPU
		{1926A366-82E8-4685-AE06-142FD41B9290}.Debug|Any CPU.Build.0 = Debug|Any CPU
		{1926A366-82E8-4685-AE06-142FD41B9290}.Release|Any CPU.ActiveCfg = Release|Any CPU
		{1926A366-82E8-4685-AE06-142FD41B9290}.Release|Any CPU.Build.0 = Release|Any CPU
		{2EF8A0C1-9490-4EE1-9CDC-0187F94BC61B}.Debug|Any CPU.ActiveCfg = Debug|Any CPU
		{2EF8A0C1-9490-4EE1-9CDC-0187F94BC61B}.Debug|Any CPU.Build.0 = Debug|Any CPU
		{2EF8A0C1-9490-4EE1-9CDC-0187F94BC61B}.Release|Any CPU.ActiveCfg = Release|Any CPU
		{2EF8A0C1-9490-4EE1-9CDC-0187F94BC61B}.Release|Any CPU.Build.0 = Release|Any CPU
	EndGlobalSection
	GlobalSection(SolutionProperties) = preSolution
		HideSolutionNode = FALSE
	EndGlobalSection
	GlobalSection(NestedProjects) = preSolution
		{E6712150-E8C1-4EEA-9831-495D172BFD2A} = {E632850D-0FDE-411D-9244-6CCCE5718688}
		{CCF2A1E9-FCAB-44B2-9D20-5EB00EF94CA9} = {E632850D-0FDE-411D-9244-6CCCE5718688}
		{9CBFEC5C-EE05-4BB1-A9BE-3F0EE3A222B4} = {E632850D-0FDE-411D-9244-6CCCE5718688}
		{BA07C789-D90C-4243-BC06-2050E033A783} = {52B4AE64-99B3-467E-8871-DB6E30763544}
		{1D494B8E-A431-4C88-9C78-464BABE53B3C} = {E632850D-0FDE-411D-9244-6CCCE5718688}
		{8C0E9E9D-24DB-4362-8D70-444DCF65B561} = {52B4AE64-99B3-467E-8871-DB6E30763544}
		{0F22222B-4714-45FA-81A2-CFA76F17DACD} = {2EA38069-D805-4D38-936D-0680B87E61B2}
		{FC49103E-E325-42E9-9FBC-288B28578664} = {2EA38069-D805-4D38-936D-0680B87E61B2}
		{80943C88-20BC-4B7B-87D2-68DA83A52089} = {2EA38069-D805-4D38-936D-0680B87E61B2}
		{449DD28E-3D92-4982-8D1B-F6F9892EA71D} = {52B4AE64-99B3-467E-8871-DB6E30763544}
		{08762FBB-D326-4AA9-AD25-97BE70FF7459} = {2EA38069-D805-4D38-936D-0680B87E61B2}
		{CD37D35C-B6E6-4E07-958F-8FA28B74F7FD} = {E632850D-0FDE-411D-9244-6CCCE5718688}
		{DE995D4D-1EEC-439E-9131-FA856A094634} = {2EA38069-D805-4D38-936D-0680B87E61B2}
		{325BBC6D-443A-473E-8840-DCA7179266DD} = {2EA38069-D805-4D38-936D-0680B87E61B2}
		{B6A2A33E-C576-477B-AA35-568966092075} = {52B4AE64-99B3-467E-8871-DB6E30763544}
		{BB631662-FA88-4852-B2ED-3DFC03DD35F0} = {2EA38069-D805-4D38-936D-0680B87E61B2}
		{0C3B1BA4-9ED7-4203-868F-29067C004C9B} = {E632850D-0FDE-411D-9244-6CCCE5718688}
		{1926A366-82E8-4685-AE06-142FD41B9290} = {E632850D-0FDE-411D-9244-6CCCE5718688}
		{2EF8A0C1-9490-4EE1-9CDC-0187F94BC61B} = {52B4AE64-99B3-467E-8871-DB6E30763544}
	EndGlobalSection
	GlobalSection(ExtensibilityGlobals) = postSolution
		SolutionGuid = {0BD54F8B-FF77-45ED-ABD0-FF0D28D2CA7E}
	EndGlobalSection
EndGlobal
